
Microsoft Visual Studio Solution File, Format Version 11.00
# Visual Web Developer Express 2010
Project("{CC5FD16D-436D-48AD-A40C-5A424C6E3E79}") = "OpenGraphSample", "OpenGraphSample\OpenGraphSample.ccproj", "{2DFEB20B-26C1-47BA-AACD-FBFFA1D7792F}"
EndProject
Project("{FAE04EC0-301F-11D3-BF4B-00C04F79EFBC}") = "OpenGraphWeb", "OpenGraphWeb\OpenGraphWeb.csproj", "{D94043F0-0532-45D5-83EB-CF04EA8B1310}"
EndProject
Global
	GlobalSection(SolutionConfigurationPlatforms) = preSolution
		Debug|Any CPU = Debug|Any CPU
		Release|Any CPU = Release|Any CPU
	EndGlobalSection
	GlobalSection(ProjectConfigurationPlatforms) = postSolution
		{2DFEB20B-26C1-47BA-AACD-FBFFA1D7792F}.Debug|Any CPU.ActiveCfg = Debug|Any CPU
		{2DFEB20B-26C1-47BA-AACD-FBFFA1D7792F}.Debug|Any CPU.Build.0 = Debug|Any CPU
		{2DFEB20B-26C1-47BA-AACD-FBFFA1D7792F}.Release|Any CPU.ActiveCfg = Release|Any CPU
		{2DFEB20B-26C1-47BA-AACD-FBFFA1D7792F}.Release|Any CPU.Build.0 = Release|Any CPU
		{D94043F0-0532-45D5-83EB-CF04EA8B1310}.Debug|Any CPU.ActiveCfg = Debug|Any CPU
		{D94043F0-0532-45D5-83EB-CF04EA8B1310}.Debug|Any CPU.Build.0 = Debug|Any CPU
		{D94043F0-0532-45D5-83EB-CF04EA8B1310}.Release|Any CPU.ActiveCfg = Release|Any CPU
		{D94043F0-0532-45D5-83EB-CF04EA8B1310}.Release|Any CPU.Build.0 = Release|Any CPU
	EndGlobalSection
	GlobalSection(SolutionProperties) = preSolution
		HideSolutionNode = FALSE
	EndGlobalSection
EndGlobal
